
Microsoft Visual Studio Solution File, Format Version 12.00
# Visual Studio Version 17
VisualStudioVersion = 17.11.35312.102
MinimumVisualStudioVersion = 10.0.40219.1
Project("{FAE04EC0-301F-11D3-BF4B-00C04F79EFBC}") = "gpradoT6A", "gpradoT6A.csproj", "{017C699C-998F-4242-A376-F29C2B09B730}"
EndProject
Global
	GlobalSection(SolutionConfigurationPlatforms) = preSolution
		Debug|Any CPU = Debug|Any CPU
		Release|Any CPU = Release|Any CPU
	EndGlobalSection
	GlobalSection(ProjectConfigurationPlatforms) = postSolution
		{017C699C-998F-4242-A376-F29C2B09B730}.Debug|Any CPU.ActiveCfg = Debug|Any CPU
		{017C699C-998F-4242-A376-F29C2B09B730}.Debug|Any CPU.Build.0 = Debug|Any CPU
		{017C699C-998F-4242-A376-F29C2B09B730}.Debug|Any CPU.Deploy.0 = Debug|Any CPU
		{017C699C-998F-4242-A376-F29C2B09B730}.Release|Any CPU.ActiveCfg = Release|Any CPU
		{017C699C-998F-4242-A376-F29C2B09B730}.Release|Any CPU.Build.0 = Release|Any CPU
		{017C699C-998F-4242-A376-F29C2B09B730}.Release|Any CPU.Deploy.0 = Release|Any CPU
	EndGlobalSection
	GlobalSection(SolutionProperties) = preSolution
		HideSolutionNode = FALSE
	EndGlobalSection
	GlobalSection(ExtensibilityGlobals) = postSolution
		SolutionGuid = {F8D4224B-2021-4346-8F1B-3C71B4CFCFC2}
	EndGlobalSection
EndGlobal
